// !$*UTF8*$!
{
	archiveVersion = 1;
	classes = {
	};
	objectVersion = 56;
	objects = {

/* Begin PBXBuildFile section */
		765477912A1B875100F1EF3B /* ActivityStore.swift in Sources */ = {isa = PBXBuildFile; fileRef = 765477902A1B875100F1EF3B /* ActivityStore.swift */; };
		765477972A1BBC9900F1EF3B /* CardView.swift in Sources */ = {isa = PBXBuildFile; fileRef = 765477962A1BBC9900F1EF3B /* CardView.swift */; };
		766084F62A2F5A58000046F1 /* Activity.swift in Sources */ = {isa = PBXBuildFile; fileRef = 766084F52A2F5A58000046F1 /* Activity.swift */; };
		766DB8862A195E8B0044A87B /* Day_ActivitiesApp.swift in Sources */ = {isa = PBXBuildFile; fileRef = 766DB8852A195E8B0044A87B /* Day_ActivitiesApp.swift */; };
		766DB8882A195E8B0044A87B /* ActivitiesView.swift in Sources */ = {isa = PBXBuildFile; fileRef = 766DB8872A195E8B0044A87B /* ActivitiesView.swift */; };
		766DB88A2A195E8C0044A87B /* Assets.xcassets in Resources */ = {isa = PBXBuildFile; fileRef = 766DB8892A195E8C0044A87B /* Assets.xcassets */; };
		766DB88D2A195E8C0044A87B /* Preview Assets.xcassets in Resources */ = {isa = PBXBuildFile; fileRef = 766DB88C2A195E8C0044A87B /* Preview Assets.xcassets */; };
		76876BFA2A27D4E400FAB868 /* ActivityEditorView.swift in Sources */ = {isa = PBXBuildFile; fileRef = 76876BF92A27D4E400FAB868 /* ActivityEditorView.swift */; };
		76B229242A1BF5170046B5E7 /* NewActivityView.swift in Sources */ = {isa = PBXBuildFile; fileRef = 76B229232A1BF5170046B5E7 /* NewActivityView.swift */; };
		76B229262A1CBC400046B5E7 /* UserSettings.swift in Sources */ = {isa = PBXBuildFile; fileRef = 76B229252A1CBC400046B5E7 /* UserSettings.swift */; };
		76B2292C2A1D39EA0046B5E7 /* UtilityExtensions.swift in Sources */ = {isa = PBXBuildFile; fileRef = 76B2292B2A1D39EA0046B5E7 /* UtilityExtensions.swift */; };
		76C5C2A22A24FC12005308C2 /* Localizable.strings in Resources */ = {isa = PBXBuildFile; fileRef = 76C5C2A42A24FC12005308C2 /* Localizable.strings */; };
		76E980182A5853AE00F364C5 /* ViewExtensions.swift in Sources */ = {isa = PBXBuildFile; fileRef = 76E980172A5853AE00F364C5 /* ViewExtensions.swift */; };
		76F0704C2A534EB800BA28B2 /* TypeStore.swift in Sources */ = {isa = PBXBuildFile; fileRef = 76F0704B2A534EB800BA28B2 /* TypeStore.swift */; };
/* End PBXBuildFile section */

/* Begin PBXFileReference section */
		765477902A1B875100F1EF3B /* ActivityStore.swift */ = {isa = PBXFileReference; lastKnownFileType = sourcecode.swift; path = ActivityStore.swift; sourceTree = "<group>"; };
		765477962A1BBC9900F1EF3B /* CardView.swift */ = {isa = PBXFileReference; lastKnownFileType = sourcecode.swift; path = CardView.swift; sourceTree = "<group>"; };
		766084F52A2F5A58000046F1 /* Activity.swift */ = {isa = PBXFileReference; lastKnownFileType = sourcecode.swift; path = Activity.swift; sourceTree = "<group>"; };
		766DB8822A195E8B0044A87B /* Day Activities.app */ = {isa = PBXFileReference; explicitFileType = wrapper.application; includeInIndex = 0; path = "Day Activities.app"; sourceTree = BUILT_PRODUCTS_DIR; };
		766DB8852A195E8B0044A87B /* Day_ActivitiesApp.swift */ = {isa = PBXFileReference; lastKnownFileType = sourcecode.swift; path = Day_ActivitiesApp.swift; sourceTree = "<group>"; };
		766DB8872A195E8B0044A87B /* ActivitiesView.swift */ = {isa = PBXFileReference; lastKnownFileType = sourcecode.swift; path = ActivitiesView.swift; sourceTree = "<group>"; };
		766DB8892A195E8C0044A87B /* Assets.xcassets */ = {isa = PBXFileReference; lastKnownFileType = folder.assetcatalog; path = Assets.xcassets; sourceTree = "<group>"; };
		766DB88C2A195E8C0044A87B /* Preview Assets.xcassets */ = {isa = PBXFileReference; lastKnownFileType = folder.assetcatalog; path = "Preview Assets.xcassets"; sourceTree = "<group>"; };
		76876BF92A27D4E400FAB868 /* ActivityEditorView.swift */ = {isa = PBXFileReference; lastKnownFileType = sourcecode.swift; path = ActivityEditorView.swift; sourceTree = "<group>"; };
		76B229232A1BF5170046B5E7 /* NewActivityView.swift */ = {isa = PBXFileReference; lastKnownFileType = sourcecode.swift; path = NewActivityView.swift; sourceTree = "<group>"; };
		76B229252A1CBC400046B5E7 /* UserSettings.swift */ = {isa = PBXFileReference; lastKnownFileType = sourcecode.swift; path = UserSettings.swift; sourceTree = "<group>"; };
		76B2292B2A1D39EA0046B5E7 /* UtilityExtensions.swift */ = {isa = PBXFileReference; lastKnownFileType = sourcecode.swift; path = UtilityExtensions.swift; sourceTree = "<group>"; };
		76C5C29F2A24EF44005308C2 /* Day-Activities-Info.plist */ = {isa = PBXFileReference; lastKnownFileType = text.plist; path = "Day-Activities-Info.plist"; sourceTree = SOURCE_ROOT; };
		76C5C2A32A24FC12005308C2 /* en */ = {isa = PBXFileReference; lastKnownFileType = text.plist.strings; name = en; path = en.lproj/Localizable.strings; sourceTree = "<group>"; };
		76E980172A5853AE00F364C5 /* ViewExtensions.swift */ = {isa = PBXFileReference; lastKnownFileType = sourcecode.swift; path = ViewExtensions.swift; sourceTree = "<group>"; };
		76F0704B2A534EB800BA28B2 /* TypeStore.swift */ = {isa = PBXFileReference; lastKnownFileType = sourcecode.swift; path = TypeStore.swift; sourceTree = "<group>"; };
/* End PBXFileReference section */

/* Begin PBXFrameworksBuildPhase section */
		766DB87F2A195E8B0044A87B /* Frameworks */ = {
			isa = PBXFrameworksBuildPhase;
			buildActionMask = 2147483647;
			files = (
			);
			runOnlyForDeploymentPostprocessing = 0;
		};
/* End PBXFrameworksBuildPhase section */

/* Begin PBXGroup section */
		766DB8792A195E8B0044A87B = {
			isa = PBXGroup;
			children = (
				766DB8842A195E8B0044A87B /* Day Activities */,
				766DB8832A195E8B0044A87B /* Products */,
			);
			sourceTree = "<group>";
		};
		766DB8832A195E8B0044A87B /* Products */ = {
			isa = PBXGroup;
			children = (
				766DB8822A195E8B0044A87B /* Day Activities.app */,
			);
			name = Products;
			sourceTree = "<group>";
		};
		766DB8842A195E8B0044A87B /* Day Activities */ = {
			isa = PBXGroup;
			children = (
				76C5C2A42A24FC12005308C2 /* Localizable.strings */,
				766DB8852A195E8B0044A87B /* Day_ActivitiesApp.swift */,
				766DB8872A195E8B0044A87B /* ActivitiesView.swift */,
				76B229232A1BF5170046B5E7 /* NewActivityView.swift */,
				76876BF92A27D4E400FAB868 /* ActivityEditorView.swift */,
				76B229252A1CBC400046B5E7 /* UserSettings.swift */,
				765477962A1BBC9900F1EF3B /* CardView.swift */,
				765477902A1B875100F1EF3B /* ActivityStore.swift */,
				76F0704B2A534EB800BA28B2 /* TypeStore.swift */,
				766084F52A2F5A58000046F1 /* Activity.swift */,
				76B2292B2A1D39EA0046B5E7 /* UtilityExtensions.swift */,
				76E980172A5853AE00F364C5 /* ViewExtensions.swift */,
				766DB8892A195E8C0044A87B /* Assets.xcassets */,
				76C5C29F2A24EF44005308C2 /* Day-Activities-Info.plist */,
				766DB88B2A195E8C0044A87B /* Preview Content */,
			);
			path = "Day Activities";
			sourceTree = "<group>";
		};
		766DB88B2A195E8C0044A87B /* Preview Content */ = {
			isa = PBXGroup;
			children = (
				766DB88C2A195E8C0044A87B /* Preview Assets.xcassets */,
			);
			path = "Preview Content";
			sourceTree = "<group>";
		};
/* End PBXGroup section */

/* Begin PBXNativeTarget section */
		766DB8812A195E8B0044A87B /* Day Activities */ = {
			isa = PBXNativeTarget;
			buildConfigurationList = 766DB8902A195E8C0044A87B /* Build configuration list for PBXNativeTarget "Day Activities" */;
			buildPhases = (
				766DB87E2A195E8B0044A87B /* Sources */,
				766DB87F2A195E8B0044A87B /* Frameworks */,
				766DB8802A195E8B0044A87B /* Resources */,
			);
			buildRules = (
			);
			dependencies = (
			);
			name = "Day Activities";
			productName = "Day Activities";
			productReference = 766DB8822A195E8B0044A87B /* Day Activities.app */;
			productType = "com.apple.product-type.application";
		};
/* End PBXNativeTarget section */

/* Begin PBXProject section */
		766DB87A2A195E8B0044A87B /* Project object */ = {
			isa = PBXProject;
			attributes = {
				BuildIndependentTargetsInParallel = 1;
				LastSwiftUpdateCheck = 1430;
				LastUpgradeCheck = 1430;
				TargetAttributes = {
					766DB8812A195E8B0044A87B = {
						CreatedOnToolsVersion = 14.3;
					};
				};
			};
			buildConfigurationList = 766DB87D2A195E8B0044A87B /* Build configuration list for PBXProject "Day Activities" */;
			compatibilityVersion = "Xcode 14.0";
			developmentRegion = en;
			hasScannedForEncodings = 0;
			knownRegions = (
				en,
				Base,
			);
			mainGroup = 766DB8792A195E8B0044A87B;
			productRefGroup = 766DB8832A195E8B0044A87B /* Products */;
			projectDirPath = "";
			projectRoot = "";
			targets = (
				766DB8812A195E8B0044A87B /* Day Activities */,
			);
		};
/* End PBXProject section */

/* Begin PBXResourcesBuildPhase section */
		766DB8802A195E8B0044A87B /* Resources */ = {
			isa = PBXResourcesBuildPhase;
			buildActionMask = 2147483647;
			files = (
				766DB88D2A195E8C0044A87B /* Preview Assets.xcassets in Resources */,
				76C5C2A22A24FC12005308C2 /* Localizable.strings in Resources */,
				766DB88A2A195E8C0044A87B /* Assets.xcassets in Resources */,
			);
			runOnlyForDeploymentPostprocessing = 0;
		};
/* End PBXResourcesBuildPhase section */

/* Begin PBXSourcesBuildPhase section */
		766DB87E2A195E8B0044A87B /* Sources */ = {
			isa = PBXSourcesBuildPhase;
			buildActionMask = 2147483647;
			files = (
				765477912A1B875100F1EF3B /* ActivityStore.swift in Sources */,
				76B229262A1CBC400046B5E7 /* UserSettings.swift in Sources */,
				76876BFA2A27D4E400FAB868 /* ActivityEditorView.swift in Sources */,
				766DB8882A195E8B0044A87B /* ActivitiesView.swift in Sources */,
				76B2292C2A1D39EA0046B5E7 /* UtilityExtensions.swift in Sources */,
				765477972A1BBC9900F1EF3B /* CardView.swift in Sources */,
				76E980182A5853AE00F364C5 /* ViewExtensions.swift in Sources */,
				766084F62A2F5A58000046F1 /* Activity.swift in Sources */,
				76B229242A1BF5170046B5E7 /* NewActivityView.swift in Sources */,
				76F0704C2A534EB800BA28B2 /* TypeStore.swift in Sources */,
				766DB8862A195E8B0044A87B /* Day_ActivitiesApp.swift in Sources */,
			);
			runOnlyForDeploymentPostprocessing = 0;
		};
/* End PBXSourcesBuildPhase section */

/* Begin PBXVariantGroup section */
		76C5C2A42A24FC12005308C2 /* Localizable.strings */ = {
			isa = PBXVariantGroup;
			children = (
				76C5C2A32A24FC12005308C2 /* en */,
			);
			name = Localizable.strings;
			sourceTree = "<group>";
		};
/* End PBXVariantGroup section */

/* Begin XCBuildConfiguration section */
		766DB88E2A195E8C0044A87B /* Debug */ = {
			isa = XCBuildConfiguration;
			buildSettings = {
				ALWAYS_SEARCH_USER_PATHS = NO;
				CLANG_ANALYZER_NONNULL = YES;
				CLANG_ANALYZER_NUMBER_OBJECT_CONVERSION = YES_AGGRESSIVE;
				CLANG_CXX_LANGUAGE_STANDARD = "gnu++20";
				CLANG_ENABLE_MODULES = YES;
				CLANG_ENABLE_OBJC_ARC = YES;
				CLANG_ENABLE_OBJC_WEAK = YES;
				CLANG_WARN_BLOCK_CAPTURE_AUTORELEASING = YES;
				CLANG_WARN_BOOL_CONVERSION = YES;
				CLANG_WARN_COMMA = YES;
				CLANG_WARN_CONSTANT_CONVERSION = YES;
				CLANG_WARN_DEPRECATED_OBJC_IMPLEMENTATIONS = YES;
				CLANG_WARN_DIRECT_OBJC_ISA_USAGE = YES_ERROR;
				CLANG_WARN_DOCUMENTATION_COMMENTS = YES;
				CLANG_WARN_EMPTY_BODY = YES;
				CLANG_WARN_ENUM_CONVERSION = YES;
				CLANG_WARN_INFINITE_RECURSION = YES;
				CLANG_WARN_INT_CONVERSION = YES;
				CLANG_WARN_NON_LITERAL_NULL_CONVERSION = YES;
				CLANG_WARN_OBJC_IMPLICIT_RETAIN_SELF = YES;
				CLANG_WARN_OBJC_LITERAL_CONVERSION = YES;
				CLANG_WARN_OBJC_ROOT_CLASS = YES_ERROR;
				CLANG_WARN_QUOTED_INCLUDE_IN_FRAMEWORK_HEADER = YES;
				CLANG_WARN_RANGE_LOOP_ANALYSIS = YES;
				CLANG_WARN_STRICT_PROTOTYPES = YES;
				CLANG_WARN_SUSPICIOUS_MOVE = YES;
				CLANG_WARN_UNGUARDED_AVAILABILITY = YES_AGGRESSIVE;
				CLANG_WARN_UNREACHABLE_CODE = YES;
				CLANG_WARN__DUPLICATE_METHOD_MATCH = YES;
				COPY_PHASE_STRIP = NO;
				DEBUG_INFORMATION_FORMAT = dwarf;
				ENABLE_STRICT_OBJC_MSGSEND = YES;
				ENABLE_TESTABILITY = YES;
				GCC_C_LANGUAGE_STANDARD = gnu11;
				GCC_DYNAMIC_NO_PIC = NO;
				GCC_NO_COMMON_BLOCKS = YES;
				GCC_OPTIMIZATION_LEVEL = 0;
				GCC_PREPROCESSOR_DEFINITIONS = (
					"DEBUG=1",
					"$(inherited)",
				);
				GCC_WARN_64_TO_32_BIT_CONVERSION = YES;
				GCC_WARN_ABOUT_RETURN_TYPE = YES_ERROR;
				GCC_WARN_UNDECLARED_SELECTOR = YES;
				GCC_WARN_UNINITIALIZED_AUTOS = YES_AGGRESSIVE;
				GCC_WARN_UNUSED_FUNCTION = YES;
				GCC_WARN_UNUSED_VARIABLE = YES;
				IPHONEOS_DEPLOYMENT_TARGET = 16.4;
				MTL_ENABLE_DEBUG_INFO = INCLUDE_SOURCE;
				MTL_FAST_MATH = YES;
				ONLY_ACTIVE_ARCH = YES;
				SDKROOT = iphoneos;
				SWIFT_ACTIVE_COMPILATION_CONDITIONS = DEBUG;
				SWIFT_OPTIMIZATION_LEVEL = "-Onone";
			};
			name = Debug;
		};
		766DB88F2A195E8C0044A87B /* Release */ = {
			isa = XCBuildConfiguration;
			buildSettings = {
				ALWAYS_SEARCH_USER_PATHS = NO;
				CLANG_ANALYZER_NONNULL = YES;
				CLANG_ANALYZER_NUMBER_OBJECT_CONVERSION = YES_AGGRESSIVE;
				CLANG_CXX_LANGUAGE_STANDARD = "gnu++20";
				CLANG_ENABLE_MODULES = YES;
				CLANG_ENABLE_OBJC_ARC = YES;
				CLANG_ENABLE_OBJC_WEAK = YES;
				CLANG_WARN_BLOCK_CAPTURE_AUTORELEASING = YES;
				CLANG_WARN_BOOL_CONVERSION = YES;
				CLANG_WARN_COMMA = YES;
				CLANG_WARN_CONSTANT_CONVERSION = YES;
				CLANG_WARN_DEPRECATED_OBJC_IMPLEMENTATIONS = YES;
				CLANG_WARN_DIRECT_OBJC_ISA_USAGE = YES_ERROR;
				CLANG_WARN_DOCUMENTATION_COMMENTS = YES;
				CLANG_WARN_EMPTY_BODY = YES;
				CLANG_WARN_ENUM_CONVERSION = YES;
				CLANG_WARN_INFINITE_RECURSION = YES;
				CLANG_WARN_INT_CONVERSION = YES;
				CLANG_WARN_NON_LITERAL_NULL_CONVERSION = YES;
				CLANG_WARN_OBJC_IMPLICIT_RETAIN_SELF = YES;
				CLANG_WARN_OBJC_LITERAL_CONVERSION = YES;
				CLANG_WARN_OBJC_ROOT_CLASS = YES_ERROR;
				CLANG_WARN_QUOTED_INCLUDE_IN_FRAMEWORK_HEADER = YES;
				CLANG_WARN_RANGE_LOOP_ANALYSIS = YES;
				CLANG_WARN_STRICT_PROTOTYPES = YES;
				CLANG_WARN_SUSPICIOUS_MOVE = YES;
				CLANG_WARN_UNGUARDED_AVAILABILITY = YES_AGGRESSIVE;
				CLANG_WARN_UNREACHABLE_CODE = YES;
				CLANG_WARN__DUPLICATE_METHOD_MATCH = YES;
				COPY_PHASE_STRIP = NO;
				DEBUG_INFORMATION_FORMAT = "dwarf-with-dsym";
				ENABLE_NS_ASSERTIONS = NO;
				ENABLE_STRICT_OBJC_MSGSEND = YES;
				GCC_C_LANGUAGE_STANDARD = gnu11;
				GCC_NO_COMMON_BLOCKS = YES;
				GCC_WARN_64_TO_32_BIT_CONVERSION = YES;
				GCC_WARN_ABOUT_RETURN_TYPE = YES_ERROR;
				GCC_WARN_UNDECLARED_SELECTOR = YES;
				GCC_WARN_UNINITIALIZED_AUTOS = YES_AGGRESSIVE;
				GCC_WARN_UNUSED_FUNCTION = YES;
				GCC_WARN_UNUSED_VARIABLE = YES;
				IPHONEOS_DEPLOYMENT_TARGET = 16.4;
				MTL_ENABLE_DEBUG_INFO = NO;
				MTL_FAST_MATH = YES;
				SDKROOT = iphoneos;
				SWIFT_COMPILATION_MODE = wholemodule;
				SWIFT_OPTIMIZATION_LEVEL = "-O";
				VALIDATE_PRODUCT = YES;
			};
			name = Release;
		};
		766DB8912A195E8C0044A87B /* Debug */ = {
			isa = XCBuildConfiguration;
			buildSettings = {
				ASSETCATALOG_COMPILER_APPICON_NAME = AppIcon;
				ASSETCATALOG_COMPILER_GLOBAL_ACCENT_COLOR_NAME = AccentColor;
				CODE_SIGN_STYLE = Automatic;
				CURRENT_PROJECT_VERSION = 1;
				DEVELOPMENT_ASSET_PATHS = "\"Day Activities/Preview Content\"";
				DEVELOPMENT_TEAM = C27NM5L469;
				ENABLE_PREVIEWS = YES;
				GENERATE_INFOPLIST_FILE = YES;
				INFOPLIST_FILE = "Day-Activities-Info.plist";
				INFOPLIST_KEY_UIApplicationSceneManifest_Generation = YES;
				INFOPLIST_KEY_UIApplicationSupportsIndirectInputEvents = YES;
				INFOPLIST_KEY_UILaunchScreen_Generation = YES;
				INFOPLIST_KEY_UISupportedInterfaceOrientations_iPad = "UIInterfaceOrientationPortrait UIInterfaceOrientationPortraitUpsideDown UIInterfaceOrientationLandscapeLeft UIInterfaceOrientationLandscapeRight";
				INFOPLIST_KEY_UISupportedInterfaceOrientations_iPhone = "UIInterfaceOrientationPortrait UIInterfaceOrientationLandscapeLeft UIInterfaceOrientationLandscapeRight";
				IPHONEOS_DEPLOYMENT_TARGET = 16.4;
				LD_RUNPATH_SEARCH_PATHS = (
					"$(inherited)",
					"@executable_path/Frameworks",
				);
				MARKETING_VERSION = 1.0;
				PRODUCT_BUNDLE_IDENTIFIER = "kavretsky.Day-Activities";
				PRODUCT_NAME = "$(TARGET_NAME)";
				SWIFT_EMIT_LOC_STRINGS = YES;
				SWIFT_VERSION = 5.0;
				TARGETED_DEVICE_FAMILY = "1,2";
			};
			name = Debug;
		};
		766DB8922A195E8C0044A87B /* Release */ = {
			isa = XCBuildConfiguration;
			buildSettings = {
				ASSETCATALOG_COMPILER_APPICON_NAME = AppIcon;
				ASSETCATALOG_COMPILER_GLOBAL_ACCENT_COLOR_NAME = AccentColor;
				CODE_SIGN_STYLE = Automatic;
				CURRENT_PROJECT_VERSION = 1;
				DEVELOPMENT_ASSET_PATHS = "\"Day Activities/Preview Content\"";
				DEVELOPMENT_TEAM = C27NM5L469;
				ENABLE_PREVIEWS = YES;
				GENERATE_INFOPLIST_FILE = YES;
				INFOPLIST_FILE = "Day-Activities-Info.plist";
				INFOPLIST_KEY_UIApplicationSceneManifest_Generation = YES;
				INFOPLIST_KEY_UIApplicationSupportsIndirectInputEvents = YES;
				INFOPLIST_KEY_UILaunchScreen_Generation = YES;
				INFOPLIST_KEY_UISupportedInterfaceOrientations_iPad = "UIInterfaceOrientationPortrait UIInterfaceOrientationPortraitUpsideDown UIInterfaceOrientationLandscapeLeft UIInterfaceOrientationLandscapeRight";
				INFOPLIST_KEY_UISupportedInterfaceOrientations_iPhone = "UIInterfaceOrientationPortrait UIInterfaceOrientationLandscapeLeft UIInterfaceOrientationLandscapeRight";
				IPHONEOS_DEPLOYMENT_TARGET = 16.4;
				LD_RUNPATH_SEARCH_PATHS = (
					"$(inherited)",
					"@executable_path/Frameworks",
				);
				MARKETING_VERSION = 1.0;
				PRODUCT_BUNDLE_IDENTIFIER = "kavretsky.Day-Activities";
				PRODUCT_NAME = "$(TARGET_NAME)";
				SWIFT_EMIT_LOC_STRINGS = YES;
				SWIFT_VERSION = 5.0;
				TARGETED_DEVICE_FAMILY = "1,2";
			};
			name = Release;
		};
/* End XCBuildConfiguration section */

/* Begin XCConfigurationList section */
		766DB87D2A195E8B0044A87B /* Build configuration list for PBXProject "Day Activities" */ = {
			isa = XCConfigurationList;
			buildConfigurations = (
				766DB88E2A195E8C0044A87B /* Debug */,
				766DB88F2A195E8C0044A87B /* Release */,
			);
			defaultConfigurationIsVisible = 0;
			defaultConfigurationName = Release;
		};
		766DB8902A195E8C0044A87B /* Build configuration list for PBXNativeTarget "Day Activities" */ = {
			isa = XCConfigurationList;
			buildConfigurations = (
				766DB8912A195E8C0044A87B /* Debug */,
				766DB8922A195E8C0044A87B /* Release */,
			);
			defaultConfigurationIsVisible = 0;
			defaultConfigurationName = Release;
		};
/* End XCConfigurationList section */
	};
	rootObject = 766DB87A2A195E8B0044A87B /* Project object */;
}
